
Microsoft Visual Studio Solution File, Format Version 12.00
Project("{FAE04EC0-301F-11D3-BF4B-00C04F79EFBC}") = "blackjack-kata", "blackjack-kata\blackjack-kata.csproj", "{0E464A76-1864-4419-A6F6-1566AD202069}"
EndProject
Global
	GlobalSection(SolutionConfigurationPlatforms) = preSolution
		Debug|Any CPU = Debug|Any CPU
		Release|Any CPU = Release|Any CPU
	EndGlobalSection
	GlobalSection(ProjectConfigurationPlatforms) = postSolution
		{0E464A76-1864-4419-A6F6-1566AD202069}.Debug|Any CPU.ActiveCfg = Debug|Any CPU
		{0E464A76-1864-4419-A6F6-1566AD202069}.Debug|Any CPU.Build.0 = Debug|Any CPU
		{0E464A76-1864-4419-A6F6-1566AD202069}.Release|Any CPU.ActiveCfg = Release|Any CPU
		{0E464A76-1864-4419-A6F6-1566AD202069}.Release|Any CPU.Build.0 = Release|Any CPU
	EndGlobalSection
EndGlobal
